// !$*UTF8*$!
{
	archiveVersion = 1;
	classes = {
	};
	objectVersion = 48;
	objects = {

/* Begin PBXBuildFile section */
		CD1B004D1FF175F60058FEA1 /* AppDelegate.m in Sources */ = {isa = PBXBuildFile; fileRef = CD1B004C1FF175F60058FEA1 /* AppDelegate.m */; };
		CD1B00501FF175F60058FEA1 /* ViewController.m in Sources */ = {isa = PBXBuildFile; fileRef = CD1B004F1FF175F60058FEA1 /* ViewController.m */; };
		CD1B00531FF175F60058FEA1 /* Main.storyboard in Resources */ = {isa = PBXBuildFile; fileRef = CD1B00511FF175F60058FEA1 /* Main.storyboard */; };
		CD1B00551FF175F60058FEA1 /* Assets.xcassets in Resources */ = {isa = PBXBuildFile; fileRef = CD1B00541FF175F60058FEA1 /* Assets.xcassets */; };
		CD1B00581FF175F60058FEA1 /* LaunchScreen.storyboard in Resources */ = {isa = PBXBuildFile; fileRef = CD1B00561FF175F60058FEA1 /* LaunchScreen.storyboard */; };
		CD1B005B1FF175F60058FEA1 /* main.m in Sources */ = {isa = PBXBuildFile; fileRef = CD1B005A1FF175F60058FEA1 /* main.m */; };
/* End PBXBuildFile section */

/* Begin PBXFileReference section */
		CD1B00481FF175F60058FEA1 /* 异步绘制圆角图像.app */ = {isa = PBXFileReference; explicitFileType = wrapper.application; includeInIndex = 0; path = "异步绘制圆角图像.app"; sourceTree = BUILT_PRODUCTS_DIR; };
		CD1B004B1FF175F60058FEA1 /* AppDelegate.h */ = {isa = PBXFileReference; lastKnownFileType = sourcecode.c.h; path = AppDelegate.h; sourceTree = "<group>"; };
		CD1B004C1FF175F60058FEA1 /* AppDelegate.m */ = {isa = PBXFileReference; lastKnownFileType = sourcecode.c.objc; path = AppDelegate.m; sourceTree = "<group>"; };
		CD1B004E1FF175F60058FEA1 /* ViewController.h */ = {isa = PBXFileReference; lastKnownFileType = sourcecode.c.h; path = ViewController.h; sourceTree = "<group>"; };
		CD1B004F1FF175F60058FEA1 /* ViewController.m */ = {isa = PBXFileReference; lastKnownFileType = sourcecode.c.objc; path = ViewController.m; sourceTree = "<group>"; };
		CD1B00521FF175F60058FEA1 /* Base */ = {isa = PBXFileReference; lastKnownFileType = file.storyboard; name = Base; path = Base.lproj/Main.storyboard; sourceTree = "<group>"; };
		CD1B00541FF175F60058FEA1 /* Assets.xcassets */ = {isa = PBXFileReference; lastKnownFileType = folder.assetcatalog; path = Assets.xcassets; sourceTree = "<group>"; };
		CD1B00571FF175F60058FEA1 /* Base */ = {isa = PBXFileReference; lastKnownFileType = file.storyboard; name = Base; path = Base.lproj/LaunchScreen.storyboard; sourceTree = "<group>"; };
		CD1B00591FF175F60058FEA1 /* Info.plist */ = {isa = PBXFileReference; lastKnownFileType = text.plist.xml; path = Info.plist; sourceTree = "<group>"; };
		CD1B005A1FF175F60058FEA1 /* main.m */ = {isa = PBXFileReference; lastKnownFileType = sourcecode.c.objc; path = main.m; sourceTree = "<group>"; };
/* End PBXFileReference section */

/* Begin PBXFrameworksBuildPhase section */
		CD1B00451FF175F60058FEA1 /* Frameworks */ = {
			isa = PBXFrameworksBuildPhase;
			buildActionMask = 2147483647;
			files = (
			);
			runOnlyForDeploymentPostprocessing = 0;
		};
/* End PBXFrameworksBuildPhase section */

/* Begin PBXGroup section */
		CD1B003F1FF175F60058FEA1 = {
			isa = PBXGroup;
			children = (
				CD1B004A1FF175F60058FEA1 /* 异步绘制圆角图像 */,
				CD1B00491FF175F60058FEA1 /* Products */,
			);
			sourceTree = "<group>";
		};
		CD1B00491FF175F60058FEA1 /* Products */ = {
			isa = PBXGroup;
			children = (
				CD1B00481FF175F60058FEA1 /* 异步绘制圆角图像.app */,
			);
			name = Products;
			sourceTree = "<group>";
		};
		CD1B004A1FF175F60058FEA1 /* 异步绘制圆角图像 */ = {
			isa = PBXGroup;
			children = (
				CD1B004B1FF175F60058FEA1 /* AppDelegate.h */,
				CD1B004C1FF175F60058FEA1 /* AppDelegate.m */,
				CD1B004E1FF175F60058FEA1 /* ViewController.h */,
				CD1B004F1FF175F60058FEA1 /* ViewController.m */,
				CD1B00511FF175F60058FEA1 /* Main.storyboard */,
				CD1B00541FF175F60058FEA1 /* Assets.xcassets */,
				CD1B00561FF175F60058FEA1 /* LaunchScreen.storyboard */,
				CD1B00591FF175F60058FEA1 /* Info.plist */,
				CD1B005A1FF175F60058FEA1 /* main.m */,
			);
			path = "异步绘制圆角图像";
			sourceTree = "<group>";
		};
/* End PBXGroup section */

/* Begin PBXNativeTarget section */
		CD1B00471FF175F60058FEA1 /* 异步绘制圆角图像 */ = {
			isa = PBXNativeTarget;
			buildConfigurationList = CD1B005E1FF175F60058FEA1 /* Build configuration list for PBXNativeTarget "异步绘制圆角图像" */;
			buildPhases = (
				CD1B00441FF175F60058FEA1 /* Sources */,
				CD1B00451FF175F60058FEA1 /* Frameworks */,
				CD1B00461FF175F60058FEA1 /* Resources */,
			);
			buildRules = (
			);
			dependencies = (
			);
			name = "异步绘制圆角图像";
			productName = "异步绘制圆角图像";
			productReference = CD1B00481FF175F60058FEA1 /* 异步绘制圆角图像.app */;
			productType = "com.apple.product-type.application";
		};
/* End PBXNativeTarget section */

/* Begin PBXProject section */
		CD1B00401FF175F60058FEA1 /* Project object */ = {
			isa = PBXProject;
			attributes = {
				LastUpgradeCheck = 0910;
				ORGANIZATIONNAME = PatrickY;
				TargetAttributes = {
					CD1B00471FF175F60058FEA1 = {
						CreatedOnToolsVersion = 9.1;
						ProvisioningStyle = Automatic;
					};
				};
			};
			buildConfigurationList = CD1B00431FF175F60058FEA1 /* Build configuration list for PBXProject "异步绘制圆角图像" */;
			compatibilityVersion = "Xcode 8.0";
			developmentRegion = en;
			hasScannedForEncodings = 0;
			knownRegions = (
				en,
				Base,
			);
			mainGroup = CD1B003F1FF175F60058FEA1;
			productRefGroup = CD1B00491FF175F60058FEA1 /* Products */;
			projectDirPath = "";
			projectRoot = "";
			targets = (
				CD1B00471FF175F60058FEA1 /* 异步绘制圆角图像 */,
			);
		};
/* End PBXProject section */

/* Begin PBXResourcesBuildPhase section */
		CD1B00461FF175F60058FEA1 /* Resources */ = {
			isa = PBXResourcesBuildPhase;
			buildActionMask = 2147483647;
			files = (
				CD1B00581FF175F60058FEA1 /* LaunchScreen.storyboard in Resources */,
				CD1B00551FF175F60058FEA1 /* Assets.xcassets in Resources */,
				CD1B00531FF175F60058FEA1 /* Main.storyboard in Resources */,
			);
			runOnlyForDeploymentPostprocessing = 0;
		};
/* End PBXResourcesBuildPhase section */

/* Begin PBXSourcesBuildPhase section */
		CD1B00441FF175F60058FEA1 /* Sources */ = {
			isa = PBXSourcesBuildPhase;
			buildActionMask = 2147483647;
			files = (
				CD1B00501FF175F60058FEA1 /* ViewController.m in Sources */,
				CD1B005B1FF175F60058FEA1 /* main.m in Sources */,
				CD1B004D1FF175F60058FEA1 /* AppDelegate.m in Sources */,
			);
			runOnlyForDeploymentPostprocessing = 0;
		};
/* End PBXSourcesBuildPhase section */

/* Begin PBXVariantGroup section */
		CD1B00511FF175F60058FEA1 /* Main.storyboard */ = {
			isa = PBXVariantGroup;
			children = (
				CD1B00521FF175F60058FEA1 /* Base */,
			);
			name = Main.storyboard;
			sourceTree = "<group>";
		};
		CD1B00561FF175F60058FEA1 /* LaunchScreen.storyboard */ = {
			isa = PBXVariantGroup;
			children = (
				CD1B00571FF175F60058FEA1 /* Base */,
			);
			name = LaunchScreen.storyboard;
			sourceTree = "<group>";
		};
/* End PBXVariantGroup section */

/* Begin XCBuildConfiguration section */
		CD1B005C1FF175F60058FEA1 /* Debug */ = {
			isa = XCBuildConfiguration;
			buildSettings = {
				ALWAYS_SEARCH_USER_PATHS = NO;
				CLANG_ANALYZER_NONNULL = YES;
				CLANG_ANALYZER_NUMBER_OBJECT_CONVERSION = YES_AGGRESSIVE;
				CLANG_CXX_LANGUAGE_STANDARD = "gnu++14";
				CLANG_CXX_LIBRARY = "libc++";
				CLANG_ENABLE_MODULES = YES;
				CLANG_ENABLE_OBJC_ARC = YES;
				CLANG_WARN_BLOCK_CAPTURE_AUTORELEASING = YES;
				CLANG_WARN_BOOL_CONVERSION = YES;
				CLANG_WARN_COMMA = YES;
				CLANG_WARN_CONSTANT_CONVERSION = YES;
				CLANG_WARN_DIRECT_OBJC_ISA_USAGE = YES_ERROR;
				CLANG_WARN_DOCUMENTATION_COMMENTS = YES;
				CLANG_WARN_EMPTY_BODY = YES;
				CLANG_WARN_ENUM_CONVERSION = YES;
				CLANG_WARN_INFINITE_RECURSION = YES;
				CLANG_WARN_INT_CONVERSION = YES;
				CLANG_WARN_NON_LITERAL_NULL_CONVERSION = YES;
				CLANG_WARN_OBJC_LITERAL_CONVERSION = YES;
				CLANG_WARN_OBJC_ROOT_CLASS = YES_ERROR;
				CLANG_WARN_RANGE_LOOP_ANALYSIS = YES;
				CLANG_WARN_STRICT_PROTOTYPES = YES;
				CLANG_WARN_SUSPICIOUS_MOVE = YES;
				CLANG_WARN_UNGUARDED_AVAILABILITY = YES_AGGRESSIVE;
				CLANG_WARN_UNREACHABLE_CODE = YES;
				CLANG_WARN__DUPLICATE_METHOD_MATCH = YES;
				CODE_SIGN_IDENTITY = "iPhone Developer";
				COPY_PHASE_STRIP = NO;
				DEBUG_INFORMATION_FORMAT = dwarf;
				ENABLE_STRICT_OBJC_MSGSEND = YES;
				ENABLE_TESTABILITY = YES;
				GCC_C_LANGUAGE_STANDARD = gnu11;
				GCC_DYNAMIC_NO_PIC = NO;
				GCC_NO_COMMON_BLOCKS = YES;
				GCC_OPTIMIZATION_LEVEL = 0;
				GCC_PREPROCESSOR_DEFINITIONS = (
					"DEBUG=1",
					"$(inherited)",
				);
				GCC_WARN_64_TO_32_BIT_CONVERSION = YES;
				GCC_WARN_ABOUT_RETURN_TYPE = YES_ERROR;
				GCC_WARN_UNDECLARED_SELECTOR = YES;
				GCC_WARN_UNINITIALIZED_AUTOS = YES_AGGRESSIVE;
				GCC_WARN_UNUSED_FUNCTION = YES;
				GCC_WARN_UNUSED_VARIABLE = YES;
				IPHONEOS_DEPLOYMENT_TARGET = 11.1;
				MTL_ENABLE_DEBUG_INFO = YES;
				ONLY_ACTIVE_ARCH = YES;
				SDKROOT = iphoneos;
			};
			name = Debug;
		};
		CD1B005D1FF175F60058FEA1 /* Release */ = {
			isa = XCBuildConfiguration;
			buildSettings = {
				ALWAYS_SEARCH_USER_PATHS = NO;
				CLANG_ANALYZER_NONNULL = YES;
				CLANG_ANALYZER_NUMBER_OBJECT_CONVERSION = YES_AGGRESSIVE;
				CLANG_CXX_LANGUAGE_STANDARD = "gnu++14";
				CLANG_CXX_LIBRARY = "libc++";
				CLANG_ENABLE_MODULES = YES;
				CLANG_ENABLE_OBJC_ARC = YES;
				CLANG_WARN_BLOCK_CAPTURE_AUTORELEASING = YES;
				CLANG_WARN_BOOL_CONVERSION = YES;
				CLANG_WARN_COMMA = YES;
				CLANG_WARN_CONSTANT_CONVERSION = YES;
				CLANG_WARN_DIRECT_OBJC_ISA_USAGE = YES_ERROR;
				CLANG_WARN_DOCUMENTATION_COMMENTS = YES;
				CLANG_WARN_EMPTY_BODY = YES;
				CLANG_WARN_ENUM_CONVERSION = YES;
				CLANG_WARN_INFINITE_RECURSION = YES;
				CLANG_WARN_INT_CONVERSION = YES;
				CLANG_WARN_NON_LITERAL_NULL_CONVERSION = YES;
				CLANG_WARN_OBJC_LITERAL_CONVERSION = YES;
				CLANG_WARN_OBJC_ROOT_CLASS = YES_ERROR;
				CLANG_WARN_RANGE_LOOP_ANALYSIS = YES;
				CLANG_WARN_STRICT_PROTOTYPES = YES;
				CLANG_WARN_SUSPICIOUS_MOVE = YES;
				CLANG_WARN_UNGUARDED_AVAILABILITY = YES_AGGRESSIVE;
				CLANG_WARN_UNREACHABLE_CODE = YES;
				CLANG_WARN__DUPLICATE_METHOD_MATCH = YES;
				CODE_SIGN_IDENTITY = "iPhone Developer";
				COPY_PHASE_STRIP = NO;
				DEBUG_INFORMATION_FORMAT = "dwarf-with-dsym";
				ENABLE_NS_ASSERTIONS = NO;
				ENABLE_STRICT_OBJC_MSGSEND = YES;
				GCC_C_LANGUAGE_STANDARD = gnu11;
				GCC_NO_COMMON_BLOCKS = YES;
				GCC_WARN_64_TO_32_BIT_CONVERSION = YES;
				GCC_WARN_ABOUT_RETURN_TYPE = YES_ERROR;
				GCC_WARN_UNDECLARED_SELECTOR = YES;
				GCC_WARN_UNINITIALIZED_AUTOS = YES_AGGRESSIVE;
				GCC_WARN_UNUSED_FUNCTION = YES;
				GCC_WARN_UNUSED_VARIABLE = YES;
				IPHONEOS_DEPLOYMENT_TARGET = 11.1;
				MTL_ENABLE_DEBUG_INFO = NO;
				SDKROOT = iphoneos;
				VALIDATE_PRODUCT = YES;
			};
			name = Release;
		};
		CD1B005F1FF175F60058FEA1 /* Debug */ = {
			isa = XCBuildConfiguration;
			buildSettings = {
				ASSETCATALOG_COMPILER_APPICON_NAME = AppIcon;
				CODE_SIGN_STYLE = Automatic;
				DEVELOPMENT_TEAM = 5C23J56UD3;
				INFOPLIST_FILE = "异步绘制圆角图像/Info.plist";
				LD_RUNPATH_SEARCH_PATHS = "$(inherited) @executable_path/Frameworks";
				PRODUCT_BUNDLE_IDENTIFIER = "com.py.--------";
				PRODUCT_NAME = "$(TARGET_NAME)";
				TARGETED_DEVICE_FAMILY = "1,2";
			};
			name = Debug;
		};
		CD1B00601FF175F60058FEA1 /* Release */ = {
			isa = XCBuildConfiguration;
			buildSettings = {
				ASSETCATALOG_COMPILER_APPICON_NAME = AppIcon;
				CODE_SIGN_STYLE = Automatic;
				DEVELOPMENT_TEAM = 5C23J56UD3;
				INFOPLIST_FILE = "异步绘制圆角图像/Info.plist";
				LD_RUNPATH_SEARCH_PATHS = "$(inherited) @executable_path/Frameworks";
				PRODUCT_BUNDLE_IDENTIFIER = "com.py.--------";
				PRODUCT_NAME = "$(TARGET_NAME)";
				TARGETED_DEVICE_FAMILY = "1,2";
			};
			name = Release;
		};
/* End XCBuildConfiguration section */

/* Begin XCConfigurationList section */
		CD1B00431FF175F60058FEA1 /* Build configuration list for PBXProject "异步绘制圆角图像" */ = {
			isa = XCConfigurationList;
			buildConfigurations = (
				CD1B005C1FF175F60058FEA1 /* Debug */,
				CD1B005D1FF175F60058FEA1 /* Release */,
			);
			defaultConfigurationIsVisible = 0;
			defaultConfigurationName = Release;
		};
		CD1B005E1FF175F60058FEA1 /* Build configuration list for PBXNativeTarget "异步绘制圆角图像" */ = {
			isa = XCConfigurationList;
			buildConfigurations = (
				CD1B005F1FF175F60058FEA1 /* Debug */,
				CD1B00601FF175F60058FEA1 /* Release */,
			);
			defaultConfigurationIsVisible = 0;
			defaultConfigurationName = Release;
		};
/* End XCConfigurationList section */
	};
	rootObject = CD1B00401FF175F60058FEA1 /* Project object */;
}
